
Microsoft Visual Studio Solution File, Format Version 12.00
# Visual Studio Version 16
VisualStudioVersion = 16.0.32228.343
MinimumVisualStudioVersion = 10.0.40219.1
Project("{9A19103F-16F7-4668-BE54-9A1E7A4F7556}") = "viewbag,viewdataand tempdata in core", "_CRUD_APP_WITH_ORE\viewbag,viewdataand tempdata in core.csproj", "{FE906183-57E1-470E-9C66-C5AD6EB25FCA}"
EndProject
Global
	GlobalSection(SolutionConfigurationPlatforms) = preSolution
		Debug|Any CPU = Debug|Any CPU
		Release|Any CPU = Release|Any CPU
	EndGlobalSection
	GlobalSection(ProjectConfigurationPlatforms) = postSolution
		{FE906183-57E1-470E-9C66-C5AD6EB25FCA}.Debug|Any CPU.ActiveCfg = Debug|Any CPU
		{FE906183-57E1-470E-9C66-C5AD6EB25FCA}.Debug|Any CPU.Build.0 = Debug|Any CPU
		{FE906183-57E1-470E-9C66-C5AD6EB25FCA}.Release|Any CPU.ActiveCfg = Release|Any CPU
		{FE906183-57E1-470E-9C66-C5AD6EB25FCA}.Release|Any CPU.Build.0 = Release|Any CPU
	EndGlobalSection
	GlobalSection(SolutionProperties) = preSolution
		HideSolutionNode = FALSE
	EndGlobalSection
	GlobalSection(ExtensibilityGlobals) = postSolution
		SolutionGuid = {EA061447-2308-4C1C-8A9E-DA2519F80D6E}
	EndGlobalSection
EndGlobal
